<?xml version="1.0" encoding="utf-8"?>
<Project ToolsVersion="4.0" xmlns="http://schemas.microsoft.com/developer/msbuild/2003">
  <ItemGroup>
    <Filter Include="Source Files">
      <UniqueIdentifier>{4FC737F1-C7A5-4376-A066-2A32D752A2FF}</UniqueIdentifier>
      <Extensions>cpp;c;cc;cxx;def;odl;idl;hpj;bat;asm;asmx</Extensions>
    </Filter>
    <Filter Include="Header Files">
      <UniqueIdentifier>{93995380-89BD-4b04-88EB-625FBE52EBFB}</UniqueIdentifier>
      <Extensions>h;hh;hpp;hxx;hm;inl;inc;xsd</Extensions>
    </Filter>
    <Filter Include="Resource Files">
      <UniqueIdentifier>{67DA6AB6-F800-4c08-8B7A-83BB121AAD01}</UniqueIdentifier>
      <Extensions>rc;ico;cur;bmp;dlg;rc2;rct;bin;rgs;gif;jpg;jpeg;jpe;resx;tiff;tif;png;wav;mfcribbon-ms</Extensions>
    </Filter>
    <Filter Include="old">
      <UniqueIdentifier>{70e16fb1-ff4a-4062-a8e5-ba84d76e5bd0}</UniqueIdentifier>
    </Filter>
  </ItemGroup>
  <ItemGroup>
    <ClCompile Include="main.cpp">
      <Filter>Source Files</Filter>
    </ClCompile>
    <ClCompile Include="Matriz_bot.cpp">
      <Filter>Source Files</Filter>
    </ClCompile>
    <ClCompile Include="Color_bot.cpp">
      <Filter>Source Files</Filter>
    </ClCompile>
    <ClCompile Include="Matriz_botb.cpp">
      <Filter>old</Filter>
    </ClCompile>
    <ClCompile Include="opencvdemo.cpp">
      <Filter>Source Files</Filter>
    </ClCompile>
  </ItemGroup>
  <ItemGroup>
    <ClInclude Include="Color_bot.h">
      <Filter>Resource Files</Filter>
    </ClInclude>
    <ClInclude Include="helper.h">
      <Filter>Resource Files</Filter>
    </ClInclude>
    <ClInclude Include="Matriz_botb.h">
      <Filter>old</Filter>
    </ClInclude>
    <ClInclude Include="Matriz_bot.h">
      <Filter>Header Files</Filter>
    </ClInclude>
  </ItemGroup>
</Project>